
Microsoft Visual Studio Solution File, Format Version 12.00
# Visual Studio Version 17
VisualStudioVersion = 17.2.32602.215
MinimumVisualStudioVersion = 10.0.40219.1
Project("{FAE04EC0-301F-11D3-BF4B-00C04F79EFBC}") = "API BoardGame", "API BoardGame\API BoardGame.csproj", "{BCEE6230-62B5-49C6-979F-34EB72FBF7F5}"
EndProject
Global
	GlobalSection(SolutionConfigurationPlatforms) = preSolution
		Debug|Any CPU = Debug|Any CPU
		Release|Any CPU = Release|Any CPU
	EndGlobalSection
	GlobalSection(ProjectConfigurationPlatforms) = postSolution
		{BCEE6230-62B5-49C6-979F-34EB72FBF7F5}.Debug|Any CPU.ActiveCfg = Debug|Any CPU
		{BCEE6230-62B5-49C6-979F-34EB72FBF7F5}.Debug|Any CPU.Build.0 = Debug|Any CPU
		{BCEE6230-62B5-49C6-979F-34EB72FBF7F5}.Release|Any CPU.ActiveCfg = Release|Any CPU
		{BCEE6230-62B5-49C6-979F-34EB72FBF7F5}.Release|Any CPU.Build.0 = Release|Any CPU
	EndGlobalSection
	GlobalSection(SolutionProperties) = preSolution
		HideSolutionNode = FALSE
	EndGlobalSection
	GlobalSection(ExtensibilityGlobals) = postSolution
		SolutionGuid = {9B97BF62-B0F3-4CAF-A87C-3A55B4545A96}
	EndGlobalSection
EndGlobal
